
Microsoft Visual Studio Solution File, Format Version 12.00
# Visual Studio Version 16
VisualStudioVersion = 16.0.31410.357
MinimumVisualStudioVersion = 10.0.40219.1
Project("{9A19103F-16F7-4668-BE54-9A1E7A4F7556}") = "EPAM.AWARDS.BLL", "EPAM.AWARDS.BLL\EPAM.AWARDS.BLL.csproj", "{50F44F5C-36C1-46CE-97AB-D347789DAEBA}"
EndProject
Project("{2150E333-8FDC-42A3-9474-1A3956D46DE8}") = "BLL", "BLL", "{5D14E278-DA4B-437D-9E91-FD3C818410F1}"
EndProject
Project("{2150E333-8FDC-42A3-9474-1A3956D46DE8}") = "PL", "PL", "{38B8A16E-CE92-4994-AE46-B36E51BC0157}"
EndProject
Project("{2150E333-8FDC-42A3-9474-1A3956D46DE8}") = "DAL", "DAL", "{EF2A408A-9FB4-4D67-A2EF-6E30A4A9CAD9}"
EndProject
Project("{2150E333-8FDC-42A3-9474-1A3956D46DE8}") = "Common", "Common", "{FDB160DF-0A6F-437F-8CDD-3BABA2FA267C}"
EndProject
Project("{9A19103F-16F7-4668-BE54-9A1E7A4F7556}") = "EPAM.AWARDS.Dependencies", "EPAM.AWARDS.Dependencies\EPAM.AWARDS.Dependencies.csproj", "{46C3F79F-0251-41B9-9840-B0971AE8A860}"
EndProject
Project("{9A19103F-16F7-4668-BE54-9A1E7A4F7556}") = "EPAM.AWARDS.Entities", "EPAM.AWARDS.Entities\EPAM.AWARDS.Entities.csproj", "{B3B64E27-1CC8-4A7B-8A2B-F3A33A6DD84C}"
EndProject
Project("{9A19103F-16F7-4668-BE54-9A1E7A4F7556}") = "EPAM.AWARDS.BLL.Interfaces", "EPAM.AWARDS.BLL.Interfaces\EPAM.AWARDS.BLL.Interfaces.csproj", "{7ADEC183-C15A-4B5C-899B-170268E35F39}"
EndProject
Project("{9A19103F-16F7-4668-BE54-9A1E7A4F7556}") = "EPAM.AWARDS.DAL.Interfaces", "EPAM.AWARDS.DAL.Interfaces\EPAM.AWARDS.DAL.Interfaces.csproj", "{8A841AD0-4DA5-410F-87A4-FD748929C3EB}"
EndProject
Project("{FAE04EC0-301F-11D3-BF4B-00C04F79EFBC}") = "EPAM.AWARDS.ASPPL", "EPAM.AWARDS.ASPPL\EPAM.AWARDS.ASPPL.csproj", "{6800AAC4-71B4-472C-9D2C-9C0246677592}"
EndProject
Project("{FAE04EC0-301F-11D3-BF4B-00C04F79EFBC}") = "EPAM.AWARDS.DALSQL", "EPAM.AWARDS.DALSQL\EPAM.AWARDS.DALSQL.csproj", "{2AB261B1-614A-478C-9525-703A988EF923}"
EndProject
Global
	GlobalSection(SolutionConfigurationPlatforms) = preSolution
		Debug|Any CPU = Debug|Any CPU
		Release|Any CPU = Release|Any CPU
	EndGlobalSection
	GlobalSection(ProjectConfigurationPlatforms) = postSolution
		{50F44F5C-36C1-46CE-97AB-D347789DAEBA}.Debug|Any CPU.ActiveCfg = Debug|Any CPU
		{50F44F5C-36C1-46CE-97AB-D347789DAEBA}.Debug|Any CPU.Build.0 = Debug|Any CPU
		{50F44F5C-36C1-46CE-97AB-D347789DAEBA}.Release|Any CPU.ActiveCfg = Release|Any CPU
		{50F44F5C-36C1-46CE-97AB-D347789DAEBA}.Release|Any CPU.Build.0 = Release|Any CPU
		{46C3F79F-0251-41B9-9840-B0971AE8A860}.Debug|Any CPU.ActiveCfg = Debug|Any CPU
		{46C3F79F-0251-41B9-9840-B0971AE8A860}.Debug|Any CPU.Build.0 = Debug|Any CPU
		{46C3F79F-0251-41B9-9840-B0971AE8A860}.Release|Any CPU.ActiveCfg = Release|Any CPU
		{46C3F79F-0251-41B9-9840-B0971AE8A860}.Release|Any CPU.Build.0 = Release|Any CPU
		{B3B64E27-1CC8-4A7B-8A2B-F3A33A6DD84C}.Debug|Any CPU.ActiveCfg = Debug|Any CPU
		{B3B64E27-1CC8-4A7B-8A2B-F3A33A6DD84C}.Debug|Any CPU.Build.0 = Debug|Any CPU
		{B3B64E27-1CC8-4A7B-8A2B-F3A33A6DD84C}.Release|Any CPU.ActiveCfg = Release|Any CPU
		{B3B64E27-1CC8-4A7B-8A2B-F3A33A6DD84C}.Release|Any CPU.Build.0 = Release|Any CPU
		{7ADEC183-C15A-4B5C-899B-170268E35F39}.Debug|Any CPU.ActiveCfg = Debug|Any CPU
		{7ADEC183-C15A-4B5C-899B-170268E35F39}.Debug|Any CPU.Build.0 = Debug|Any CPU
		{7ADEC183-C15A-4B5C-899B-170268E35F39}.Release|Any CPU.ActiveCfg = Release|Any CPU
		{7ADEC183-C15A-4B5C-899B-170268E35F39}.Release|Any CPU.Build.0 = Release|Any CPU
		{8A841AD0-4DA5-410F-87A4-FD748929C3EB}.Debug|Any CPU.ActiveCfg = Debug|Any CPU
		{8A841AD0-4DA5-410F-87A4-FD748929C3EB}.Debug|Any CPU.Build.0 = Debug|Any CPU
		{8A841AD0-4DA5-410F-87A4-FD748929C3EB}.Release|Any CPU.ActiveCfg = Release|Any CPU
		{8A841AD0-4DA5-410F-87A4-FD748929C3EB}.Release|Any CPU.Build.0 = Release|Any CPU
		{6800AAC4-71B4-472C-9D2C-9C0246677592}.Debug|Any CPU.ActiveCfg = Debug|Any CPU
		{6800AAC4-71B4-472C-9D2C-9C0246677592}.Debug|Any CPU.Build.0 = Debug|Any CPU
		{6800AAC4-71B4-472C-9D2C-9C0246677592}.Release|Any CPU.ActiveCfg = Release|Any CPU
		{6800AAC4-71B4-472C-9D2C-9C0246677592}.Release|Any CPU.Build.0 = Release|Any CPU
		{2AB261B1-614A-478C-9525-703A988EF923}.Debug|Any CPU.ActiveCfg = Debug|Any CPU
		{2AB261B1-614A-478C-9525-703A988EF923}.Debug|Any CPU.Build.0 = Debug|Any CPU
		{2AB261B1-614A-478C-9525-703A988EF923}.Release|Any CPU.ActiveCfg = Release|Any CPU
		{2AB261B1-614A-478C-9525-703A988EF923}.Release|Any CPU.Build.0 = Release|Any CPU
	EndGlobalSection
	GlobalSection(SolutionProperties) = preSolution
		HideSolutionNode = FALSE
	EndGlobalSection
	GlobalSection(NestedProjects) = preSolution
		{50F44F5C-36C1-46CE-97AB-D347789DAEBA} = {5D14E278-DA4B-437D-9E91-FD3C818410F1}
		{46C3F79F-0251-41B9-9840-B0971AE8A860} = {FDB160DF-0A6F-437F-8CDD-3BABA2FA267C}
		{B3B64E27-1CC8-4A7B-8A2B-F3A33A6DD84C} = {FDB160DF-0A6F-437F-8CDD-3BABA2FA267C}
		{7ADEC183-C15A-4B5C-899B-170268E35F39} = {5D14E278-DA4B-437D-9E91-FD3C818410F1}
		{8A841AD0-4DA5-410F-87A4-FD748929C3EB} = {EF2A408A-9FB4-4D67-A2EF-6E30A4A9CAD9}
		{6800AAC4-71B4-472C-9D2C-9C0246677592} = {38B8A16E-CE92-4994-AE46-B36E51BC0157}
		{2AB261B1-614A-478C-9525-703A988EF923} = {EF2A408A-9FB4-4D67-A2EF-6E30A4A9CAD9}
	EndGlobalSection
	GlobalSection(ExtensibilityGlobals) = postSolution
		SolutionGuid = {D92A7FD3-D359-49D6-95BD-B9E4DD2D79E9}
	EndGlobalSection
EndGlobal
